
Microsoft Visual Studio Solution File, Format Version 12.00
# Visual Studio Version 17
VisualStudioVersion = 17.1.32210.238
MinimumVisualStudioVersion = 10.0.40219.1
Project("{FAE04EC0-301F-11D3-BF4B-00C04F79EFBC}") = "EmployeePayrollUsingThreads", "EmployeePayrollUsingThreads\EmployeePayrollUsingThreads.csproj", "{3C1D1B62-1EB4-4C53-8F96-DA3752E4E24B}"
EndProject
Project("{FAE04EC0-301F-11D3-BF4B-00C04F79EFBC}") = "TestProject1", "TestProject1\TestProject1.csproj", "{47BEC794-E162-472A-A715-8F05F300777A}"
EndProject
Global
	GlobalSection(SolutionConfigurationPlatforms) = preSolution
		Debug|Any CPU = Debug|Any CPU
		Release|Any CPU = Release|Any CPU
	EndGlobalSection
	GlobalSection(ProjectConfigurationPlatforms) = postSolution
		{3C1D1B62-1EB4-4C53-8F96-DA3752E4E24B}.Debug|Any CPU.ActiveCfg = Debug|Any CPU
		{3C1D1B62-1EB4-4C53-8F96-DA3752E4E24B}.Debug|Any CPU.Build.0 = Debug|Any CPU
		{3C1D1B62-1EB4-4C53-8F96-DA3752E4E24B}.Release|Any CPU.ActiveCfg = Release|Any CPU
		{3C1D1B62-1EB4-4C53-8F96-DA3752E4E24B}.Release|Any CPU.Build.0 = Release|Any CPU
		{47BEC794-E162-472A-A715-8F05F300777A}.Debug|Any CPU.ActiveCfg = Debug|Any CPU
		{47BEC794-E162-472A-A715-8F05F300777A}.Debug|Any CPU.Build.0 = Debug|Any CPU
		{47BEC794-E162-472A-A715-8F05F300777A}.Release|Any CPU.ActiveCfg = Release|Any CPU
		{47BEC794-E162-472A-A715-8F05F300777A}.Release|Any CPU.Build.0 = Release|Any CPU
	EndGlobalSection
	GlobalSection(SolutionProperties) = preSolution
		HideSolutionNode = FALSE
	EndGlobalSection
	GlobalSection(ExtensibilityGlobals) = postSolution
		SolutionGuid = {02F3906E-EA69-4232-93A6-971D40BFE337}
	EndGlobalSection
EndGlobal
